
Microsoft Visual Studio Solution File, Format Version 12.00
# Visual Studio Version 17
VisualStudioVersion = 17.13.35828.75 d17.13
MinimumVisualStudioVersion = 10.0.40219.1
Project("{FAE04EC0-301F-11D3-BF4B-00C04F79EFBC}") = "projeto1", "projeto1\projeto1.csproj", "{D06BA60F-624F-4EB5-897E-68C325EA4A07}"
EndProject
Global
	GlobalSection(SolutionConfigurationPlatforms) = preSolution
		Debug|Any CPU = Debug|Any CPU
		Release|Any CPU = Release|Any CPU
	EndGlobalSection
	GlobalSection(ProjectConfigurationPlatforms) = postSolution
		{D06BA60F-624F-4EB5-897E-68C325EA4A07}.Debug|Any CPU.ActiveCfg = Debug|Any CPU
		{D06BA60F-624F-4EB5-897E-68C325EA4A07}.Debug|Any CPU.Build.0 = Debug|Any CPU
		{D06BA60F-624F-4EB5-897E-68C325EA4A07}.Release|Any CPU.ActiveCfg = Release|Any CPU
		{D06BA60F-624F-4EB5-897E-68C325EA4A07}.Release|Any CPU.Build.0 = Release|Any CPU
	EndGlobalSection
	GlobalSection(SolutionProperties) = preSolution
		HideSolutionNode = FALSE
	EndGlobalSection
	GlobalSection(ExtensibilityGlobals) = postSolution
		SolutionGuid = {75C1B36C-4A53-45D6-B1C3-18A6EDE25C00}
	EndGlobalSection
EndGlobal
